
Microsoft Visual Studio Solution File, Format Version 12.00
# Visual Studio 15
VisualStudioVersion = 15.0.28307.168
MinimumVisualStudioVersion = 10.0.40219.1
Project("{FAE04EC0-301F-11D3-BF4B-00C04F79EFBC}") = "TestsWithDependencyInjection.Web", "TestsWithDependencyInjection.Web\TestsWithDependencyInjection.Web.csproj", "{3CD0758E-BF60-4822-83C1-20DCC7E8ED01}"
EndProject
Project("{FAE04EC0-301F-11D3-BF4B-00C04F79EFBC}") = "TestsWithDependencyInjection.Tests", "TestsWithDependencyInjection.Tests\TestsWithDependencyInjection.Tests.csproj", "{75E22E87-100F-4965-A0B3-63AD68A03C98}"
EndProject
Global
	GlobalSection(SolutionConfigurationPlatforms) = preSolution
		Debug|Any CPU = Debug|Any CPU
		Release|Any CPU = Release|Any CPU
	EndGlobalSection
	GlobalSection(ProjectConfigurationPlatforms) = postSolution
		{3CD0758E-BF60-4822-83C1-20DCC7E8ED01}.Debug|Any CPU.ActiveCfg = Debug|Any CPU
		{3CD0758E-BF60-4822-83C1-20DCC7E8ED01}.Debug|Any CPU.Build.0 = Debug|Any CPU
		{3CD0758E-BF60-4822-83C1-20DCC7E8ED01}.Release|Any CPU.ActiveCfg = Release|Any CPU
		{3CD0758E-BF60-4822-83C1-20DCC7E8ED01}.Release|Any CPU.Build.0 = Release|Any CPU
		{75E22E87-100F-4965-A0B3-63AD68A03C98}.Debug|Any CPU.ActiveCfg = Debug|Any CPU
		{75E22E87-100F-4965-A0B3-63AD68A03C98}.Debug|Any CPU.Build.0 = Debug|Any CPU
		{75E22E87-100F-4965-A0B3-63AD68A03C98}.Release|Any CPU.ActiveCfg = Release|Any CPU
		{75E22E87-100F-4965-A0B3-63AD68A03C98}.Release|Any CPU.Build.0 = Release|Any CPU
	EndGlobalSection
	GlobalSection(SolutionProperties) = preSolution
		HideSolutionNode = FALSE
	EndGlobalSection
	GlobalSection(ExtensibilityGlobals) = postSolution
		SolutionGuid = {73CA85CC-B025-4434-BBF8-38280E9DBE82}
	EndGlobalSection
EndGlobal
